
Microsoft Visual Studio Solution File, Format Version 12.00
# Visual Studio Version 17
VisualStudioVersion = 17.14.36408.4 d17.14
MinimumVisualStudioVersion = 10.0.40219.1
Project("{FAE04EC0-301F-11D3-BF4B-00C04F79EFBC}") = "UniversityManagementSystem", "UniversityManagementSystem.csproj", "{EAAE8406-D927-4E5C-8BE8-0B8B1C847E19}"
EndProject
Global
	GlobalSection(SolutionConfigurationPlatforms) = preSolution
		Debug|Any CPU = Debug|Any CPU
		Release|Any CPU = Release|Any CPU
	EndGlobalSection
	GlobalSection(ProjectConfigurationPlatforms) = postSolution
		{EAAE8406-D927-4E5C-8BE8-0B8B1C847E19}.Debug|Any CPU.ActiveCfg = Debug|Any CPU
		{EAAE8406-D927-4E5C-8BE8-0B8B1C847E19}.Debug|Any CPU.Build.0 = Debug|Any CPU
		{EAAE8406-D927-4E5C-8BE8-0B8B1C847E19}.Release|Any CPU.ActiveCfg = Release|Any CPU
		{EAAE8406-D927-4E5C-8BE8-0B8B1C847E19}.Release|Any CPU.Build.0 = Release|Any CPU
	EndGlobalSection
	GlobalSection(SolutionProperties) = preSolution
		HideSolutionNode = FALSE
	EndGlobalSection
	GlobalSection(ExtensibilityGlobals) = postSolution
		SolutionGuid = {19E4BE60-B7AC-4126-8F96-C6A10A80D604}
	EndGlobalSection
EndGlobal
